{
  "nodes": {
    "crane": {
      "locked": {
        "lastModified": 1779041105,
        "narHash": "sha256-nnGD2f8OlAZT2i5OfwikJsw+ifWfiA4d6A8BWlgOXV0=",
        "owner": "ipetkov",
        "repo": "crane",
        "rev": "10e6e3cb966f7cfcc789fe5eee7a85f3188ce08b",
        "type": "github"
      },
      "original": {
        "owner": "ipetkov",
        "repo": "crane",
        "type": "github"
      }
    },
    "flake-utils": {
      "inputs": {
        "systems": "systems"
      },
      "locked": {
        "lastModified": 1731533236,
        "narHash": "sha256-l0KFg5HjrsfsO/JpG+r7fRrqm12kzFHyUHqHCVpMMbI=",
        "owner": "numtide",
        "repo": "flake-utils",
        "rev": "11707dc2f618dd54ca8739b309ec4fc024de578b",
        "type": "github"
      },
      "original": {
        "owner": "numtide",
        "repo": "flake-utils",
        "type": "github"
      }
    },
    "flake-utils_2": {
      "inputs": {
        "systems": "systems_2"
      },
      "locked": {
        "lastModified": 1731533236,
        "narHash": "sha256-l0KFg5HjrsfsO/JpG+r7fRrqm12kzFHyUHqHCVpMMbI=",
        "owner": "numtide",
        "repo": "flake-utils",
        "rev": "11707dc2f618dd54ca8739b309ec4fc024de578b",
        "type": "github"
      },
      "original": {
        "owner": "numtide",
        "repo": "flake-utils",
        "type": "github"
      }
    },
    "flatpak-builder-tools": {
      "flake": false,
      "locked": {
        "lastModified": 1780983860,
        "narHash": "sha256-fiSSy1858b3V6VFEViQq6nkU57XInnDsB5LByxfpgf4=",
        "owner": "flatpak",
        "repo": "flatpak-builder-tools",
        "rev": "737c0085912f9f7dabf9341d4608e2a77a51a73a",
        "type": "github"
      },
      "original": {
        "owner": "flatpak",
        "repo": "flatpak-builder-tools",
        "type": "github"
      }
    },
    "nixpkgs": {
      "locked": {
        "lastModified": 1778737229,
        "narHash": "sha256-6xWoytx8jFW4PF1GjRm/i/53trbpKGfz6zjzQGBr4cI=",
        "owner": "NixOS",
        "repo": "nixpkgs",
        "rev": "d7a713c0b7e47c908258e71cba7a2d77cc8d71d5",
        "type": "github"
      },
      "original": {
        "owner": "NixOS",
        "ref": "nixos-25.11",
        "repo": "nixpkgs",
        "type": "github"
      }
    },
    "nixpkgs_2": {
      "locked": {
        "lastModified": 1782723713,
        "narHash": "sha256-oPXCU/SSUokcGaJREHibG1CBX3+s/W7orDWQOZDsEeQ=",
        "owner": "NixOS",
        "repo": "nixpkgs",
        "rev": "b5aa0fbd538984f6e3d201be0005b4463d8b09f8",
        "type": "github"
      },
      "original": {
        "owner": "NixOS",
        "ref": "nixos-unstable",
        "repo": "nixpkgs",
        "type": "github"
      }
    },
    "root": {
      "inputs": {
        "flake-utils": "flake-utils",
        "nixpkgs": "nixpkgs",
        "sce": "sce"
      }
    },
    "rust-overlay": {
      "inputs": {
        "nixpkgs": [
          "sce",
          "nixpkgs"
        ]
      },
      "locked": {
        "lastModified": 1778987862,
        "narHash": "sha256-V3qGt9P1eJP/r/1ONablphfGiH0RP4agQhrRANpDYx8=",
        "owner": "oxalica",
        "repo": "rust-overlay",
        "rev": "6f44d8874ac29806c8d5cae42bf8e19ebb5ce0d3",
        "type": "github"
      },
      "original": {
        "owner": "oxalica",
        "repo": "rust-overlay",
        "type": "github"
      }
    },
    "sce": {
      "inputs": {
        "crane": "crane",
        "flake-utils": "flake-utils_2",
        "flatpak-builder-tools": "flatpak-builder-tools",
        "nixpkgs": "nixpkgs_2",
        "rust-overlay": "rust-overlay",
        "turso": "turso"
      },
      "locked": {
        "lastModified": 1787304025,
        "narHash": "sha256-2nOBecFy6DQdolpc2NH1luSAObD9KRtdLZFcXPVPW+E=",
        "owner": "crocoder-dev",
        "repo": "shared-context-engineering",
        "rev": "1f23adf41ecc1fe17da3c8239bd73814df45db58",
        "type": "github"
      },
      "original": {
        "owner": "crocoder-dev",
        "repo": "shared-context-engineering",
        "type": "github"
      }
    },
    "systems": {
      "locked": {
        "lastModified": 1681028828,
        "narHash": "sha256-Vy1rq5AaRuLzOxct8nz4T6wlgyUR7zLU309k9mBC768=",
        "owner": "nix-systems",
        "repo": "default",
        "rev": "da67096a3b9bf56a91d16901293e51ba5b49a27e",
        "type": "github"
      },
      "original": {
        "owner": "nix-systems",
        "repo": "default",
        "type": "github"
      }
    },
    "systems_2": {
      "locked": {
        "lastModified": 1681028828,
        "narHash": "sha256-Vy1rq5AaRuLzOxct8nz4T6wlgyUR7zLU309k9mBC768=",
        "owner": "nix-systems",
        "repo": "default",
        "rev": "da67096a3b9bf56a91d16901293e51ba5b49a27e",
        "type": "github"
      },
      "original": {
        "owner": "nix-systems",
        "repo": "default",
        "type": "github"
      }
    },
    "turso": {
      "inputs": {
        "crane": [
          "sce",
          "crane"
        ],
        "flake-utils": [
          "sce",
          "flake-utils"
        ],
        "nixpkgs": [
          "sce",
          "nixpkgs"
        ],
        "rust-overlay": [
          "sce",
          "rust-overlay"
        ]
      },
      "locked": {
        "lastModified": 1783955531,
        "narHash": "sha256-eRB8IM7cda7UaYfX5dIubIK4K0M6ydrTxyLAUPB9/WM=",
        "owner": "tursodatabase",
        "repo": "turso",
        "rev": "e7cb62a8bd2f3655a661a621ee389365c1a1e43e",
        "type": "github"
      },
      "original": {
        "owner": "tursodatabase",
        "repo": "turso",
        "rev": "e7cb62a8bd2f3655a661a621ee389365c1a1e43e",
        "type": "github"
      }
    }
  },
  "root": "root",
  "version": 7
}
